{
  "R": {
    "Version": "4.1.1",
    "Repositories": [
      {
        "Name": "CRAN",
        "URL": "https://packagemanager.rstudio.com/all/latest"
      }
    ]
  },
  "Packages": {
    "DBI": {
      "Package": "DBI",
      "Version": "1.1.2",
      "Source": "Repository",
      "Repository": "RSPM",
      "Hash": "dcd1743af4336156873e3ce3c950b8b9"
    },
    "EML": {
      "Package": "EML",
      "Version": "2.0.5",
      "Source": "Repository",
      "Repository": "RSPM",
      "Hash": "81c56ce58dcd7e43b95b9b3f4420ce44"
    },
    "FLAREr": {
      "Package": "FLAREr",
      "Version": "2.2.0",
      "Source": "GitHub",
      "RemoteType": "github",
      "RemoteHost": "api.github.com",
      "RemoteRepo": "FLAREr",
      "RemoteUsername": "FLARE-forecast",
      "RemoteRef": "HEAD",
      "RemoteSha": "02df4e262b0b8abd8eed31a236ab0c1a123fd568",
      "Hash": "59b13c09a10888b93398d3f08b9a740b"
    },
    "GLM3r": {
      "Package": "GLM3r",
      "Version": "3.1.17",
      "Source": "GitHub",
      "RemoteType": "github",
      "RemoteHost": "api.github.com",
      "RemoteRepo": "GLM3r",
      "RemoteUsername": "FLARE-forecast",
      "RemoteRef": "HEAD",
      "RemoteSha": "768cdef2bcd2b04feec912eeacb175d67ff88598",
      "Hash": "65a913b0f54e1d6832bedad94b635c7e"
    },
    "ISOweek": {
      "Package": "ISOweek",
      "Version": "0.6-2",
      "Source": "Repository",
      "Repository": "RSPM",
      "Hash": "ad7e2b013b9379cb560caa9b168202f0"
    },
    "MASS": {
      "Package": "MASS",
      "Version": "7.3-55",
      "Source": "Repository",
      "Repository": "RSPM",
      "Hash": "c5232ffb549f6d7a04a152c34ca1353d"
    },
    "Matrix": {
      "Package": "Matrix",
      "Version": "1.4-0",
      "Source": "Repository",
      "Repository": "RSPM",
      "Hash": "130c0caba175739d98f2963c6a407cf6"
    },
    "R.methodsS3": {
      "Package": "R.methodsS3",
      "Version": "1.8.1",
      "Source": "Repository",
      "Repository": "RSPM",
      "Hash": "4bf6453323755202d5909697b6f7c109"
    },
    "R.oo": {
      "Package": "R.oo",
      "Version": "1.24.0",
      "Source": "Repository",
      "Repository": "RSPM",
      "Hash": "5709328352717e2f0a9c012be8a97554"
    },
    "R.utils": {
      "Package": "R.utils",
      "Version": "2.11.0",
      "Source": "Repository",
      "Repository": "RSPM",
      "Hash": "a7ecb8e60815c7a18648e84cd121b23a"
    },
    "R6": {
      "Package": "R6",
      "Version": "2.5.1",
      "Source": "Repository",
      "Repository": "RSPM",
      "Hash": "470851b6d5d0ac559e9d01bb352b4021"
    },
    "RColorBrewer": {
      "Package": "RColorBrewer",
      "Version": "1.1-2",
      "Source": "Repository",
      "Repository": "RSPM",
      "Hash": "e031418365a7f7a766181ab5a41a5716"
    },
    "RCurl": {
      "Package": "RCurl",
      "Version": "1.98-1.5",
      "Source": "Repository",
      "Repository": "RSPM",
      "Hash": "5cc50d9d40a284cb8b1c8604901acf89"
    },
    "Rcpp": {
      "Package": "Rcpp",
      "Version": "1.0.8",
      "Source": "Repository",
      "Repository": "RSPM",
      "Hash": "22b546dd7e337f6c0c58a39983a496bc"
    },
    "RcppArmadillo": {
      "Package": "RcppArmadillo",
      "Version": "0.10.8.1.0",
      "Source": "Repository",
      "Repository": "RSPM",
      "Hash": "303dcd8a3fca86087e341ed5cc360abf"
    },
    "TTR": {
      "Package": "TTR",
      "Version": "0.24.3",
      "Source": "Repository",
      "Repository": "RSPM",
      "Hash": "c553a7be22ec50faaebee27be54a1313"
    },
    "V8": {
      "Package": "V8",
      "Version": "4.0.0",
      "Source": "Repository",
      "Repository": "RSPM",
      "Hash": "916996b97ed2c882b0e748b79c75a0ec"
    },
    "arrow": {
      "Package": "arrow",
      "Version": "6.0.1",
      "Source": "Repository",
      "Repository": "RSPM",
      "Hash": "da21509f51b9ad1386ca293e1042abf5"
    },
    "askpass": {
      "Package": "askpass",
      "Version": "1.1",
      "Source": "Repository",
      "Repository": "RSPM",
      "Hash": "e8a22846fff485f0be3770c2da758713"
    },
    "assertthat": {
      "Package": "assertthat",
      "Version": "0.2.1",
      "Source": "Repository",
      "Repository": "RSPM",
      "Hash": "50c838a310445e954bc13f26f26a6ecf"
    },
    "aws.s3": {
      "Package": "aws.s3",
      "Version": "0.3.21",
      "Source": "Repository",
      "Repository": "RSPM",
      "Hash": "a0b873f71741bba67e3bc128d8f09fe3"
    },
    "aws.signature": {
      "Package": "aws.signature",
      "Version": "0.6.0",
      "Source": "Repository",
      "Repository": "RSPM",
      "Hash": "0006bcef272aad12f78dd5a85fc7f4fc"
    },
    "backports": {
      "Package": "backports",
      "Version": "1.2.1",
      "Source": "Repository",
      "Repository": "RSPM",
      "Hash": "644043219fc24e190c2f620c1a380a69"
    },
    "base64enc": {
      "Package": "base64enc",
      "Version": "0.1-3",
      "Source": "Repository",
      "Repository": "RSPM",
      "Hash": "543776ae6848fde2f48ff3816d0628bc"
    },
    "biglm": {
      "Package": "biglm",
      "Version": "0.9-2.1",
      "Source": "Repository",
      "Repository": "RSPM",
      "Hash": "fb9718b294f541ed3adae42b8c830ae7"
    },
    "bit": {
      "Package": "bit",
      "Version": "4.0.4",
      "Source": "Repository",
      "Repository": "RSPM",
      "Hash": "f36715f14d94678eea9933af927bc15d"
    },
    "bit64": {
      "Package": "bit64",
      "Version": "4.0.5",
      "Source": "Repository",
      "Repository": "RSPM",
      "Hash": "9fe98599ca456d6552421db0d6772d8f"
    },
    "bitops": {
      "Package": "bitops",
      "Version": "1.0-7",
      "Source": "Repository",
      "Repository": "RSPM",
      "Hash": "b7d8d8ee39869c18d8846a184dd8a1af"
    },
    "blob": {
      "Package": "blob",
      "Version": "1.2.2",
      "Source": "Repository",
      "Repository": "RSPM",
      "Hash": "dc5f7a6598bb025d20d66bb758f12879"
    },
    "brew": {
      "Package": "brew",
      "Version": "1.0-6",
      "Source": "Repository",
      "Repository": "RSPM",
      "Hash": "92a5f887f9ae3035ac7afde22ba73ee9"
    },
    "brio": {
      "Package": "brio",
      "Version": "1.1.2",
      "Source": "Repository",
      "Repository": "RSPM",
      "Hash": "2f01e16ff9571fe70381c7b9ae560dc4"
    },
    "broom": {
      "Package": "broom",
      "Version": "0.7.9",
      "Source": "Repository",
      "Repository": "RSPM",
      "Hash": "9b1e2c1f75b349e3ffa7e9c69eec0c52"
    },
    "cachem": {
      "Package": "cachem",
      "Version": "1.0.6",
      "Source": "Repository",
      "Repository": "RSPM",
      "Hash": "648c5b3d71e6a37e3043617489a0a0e9"
    },
    "callr": {
      "Package": "callr",
      "Version": "3.7.0",
      "Source": "Repository",
      "Repository": "RSPM",
      "Hash": "461aa75a11ce2400245190ef5d3995df"
    },
    "cellranger": {
      "Package": "cellranger",
      "Version": "1.1.0",
      "Source": "Repository",
      "Repository": "RSPM",
      "Hash": "f61dbaec772ccd2e17705c1e872e9e7c"
    },
    "cli": {
      "Package": "cli",
      "Version": "3.1.1",
      "Source": "Repository",
      "Repository": "RSPM",
      "Hash": "da5160e769a652e3ec7111d63883f9bc"
    },
    "clipr": {
      "Package": "clipr",
      "Version": "0.7.1",
      "Source": "Repository",
      "Repository": "RSPM",
      "Hash": "ebaa97ac99cc2daf04e77eecc7b781d7"
    },
    "codetools": {
      "Package": "codetools",
      "Version": "0.2-18",
      "Source": "Repository",
      "Repository": "CRAN",
      "Hash": "019388fc48e48b3da0d3a76ff94608a8"
    },
    "colorspace": {
      "Package": "colorspace",
      "Version": "2.0-2",
      "Source": "Repository",
      "Repository": "RSPM",
      "Hash": "6baccb763ee83c0bd313460fdb8b8a84"
    },
    "commonmark": {
      "Package": "commonmark",
      "Version": "1.7",
      "Source": "Repository",
      "Repository": "RSPM",
      "Hash": "0f22be39ec1d141fd03683c06f3a6e67"
    },
    "cpp11": {
      "Package": "cpp11",
      "Version": "0.4.2",
      "Source": "Repository",
      "Repository": "RSPM",
      "Hash": "fa53ce256cd280f468c080a58ea5ba8c"
    },
    "crayon": {
      "Package": "crayon",
      "Version": "1.4.2",
      "Source": "Repository",
      "Repository": "RSPM",
      "Hash": "0a6a65d92bd45b47b94b84244b528d17"
    },
    "credentials": {
      "Package": "credentials",
      "Version": "1.3.1",
      "Source": "Repository",
      "Repository": "RSPM",
      "Hash": "db9463f8f96444ac790bef2076048699"
    },
    "cronR": {
      "Package": "cronR",
      "Version": "0.4.2",
      "Source": "GitHub",
      "OS_type": "unix",
      "RemoteType": "github",
      "RemoteHost": "api.github.com",
      "RemoteRepo": "cronR",
      "RemoteUsername": "rqthomas",
      "RemoteRef": "HEAD",
      "RemoteSha": "2bd639410c6f20dfaa73da5e21c6bea0a79525ca",
      "Hash": "50272ebe07cb6a4635c3c03099ca759b"
    },
    "curl": {
      "Package": "curl",
      "Version": "4.3.2",
      "Source": "Repository",
      "Repository": "RSPM",
      "Hash": "022c42d49c28e95d69ca60446dbabf88"
    },
    "data.table": {
      "Package": "data.table",
      "Version": "1.14.2",
      "Source": "Repository",
      "Repository": "RSPM",
      "Hash": "36b67b5adf57b292923f5659f5f0c853"
    },
    "dbplyr": {
      "Package": "dbplyr",
      "Version": "2.1.1",
      "Source": "Repository",
      "Repository": "RSPM",
      "Hash": "1f37fa4ab2f5f7eded42f78b9a887182"
    },
    "desc": {
      "Package": "desc",
      "Version": "1.4.0",
      "Source": "Repository",
      "Repository": "RSPM",
      "Hash": "28763d08fadd0b733e3cee9dab4e12fe"
    },
    "devtools": {
      "Package": "devtools",
      "Version": "2.4.2",
      "Source": "Repository",
      "Repository": "RSPM",
      "Hash": "048d0b914d2cea61f440d35dd3cbddac"
    },
    "diffobj": {
      "Package": "diffobj",
      "Version": "0.3.5",
      "Source": "Repository",
      "Repository": "RSPM",
      "Hash": "bcaa8b95f8d7d01a5dedfd959ce88ab8"
    },
    "digest": {
      "Package": "digest",
      "Version": "0.6.29",
      "Source": "Repository",
      "Repository": "RSPM",
      "Hash": "cf6b206a045a684728c3267ef7596190"
    },
    "dplyr": {
      "Package": "dplyr",
      "Version": "1.0.7",
      "Source": "Repository",
      "Repository": "RSPM",
      "Hash": "36f1ae62f026c8ba9f9b5c9a08c03297"
    },
    "dtplyr": {
      "Package": "dtplyr",
      "Version": "1.1.0",
      "Source": "Repository",
      "Repository": "RSPM",
      "Hash": "1e14e4c5b2814de5225312394bc316da"
    },
    "duckdb": {
      "Package": "duckdb",
      "Version": "0.3.0",
      "Source": "Repository",
      "Repository": "RSPM",
      "Hash": "725744f0118305163151c41350436909"
    },
    "egg": {
      "Package": "egg",
      "Version": "0.4.5",
      "Source": "Repository",
      "Repository": "RSPM",
      "Hash": "d958917f7b60c13089ab0c8d17114053"
    },
    "ellipsis": {
      "Package": "ellipsis",
      "Version": "0.3.2",
      "Source": "Repository",
      "Repository": "RSPM",
      "Hash": "bb0eec2fe32e88d9e2836c2f73ea2077"
    },
    "emld": {
      "Package": "emld",
      "Version": "0.5.1",
      "Source": "Repository",
      "Repository": "RSPM",
      "Hash": "6098f89bda95bbbc579fe594f353a361"
    },
    "evaluate": {
      "Package": "evaluate",
      "Version": "0.14",
      "Source": "Repository",
      "Repository": "RSPM",
      "Hash": "ec8ca05cffcc70569eaaad8469d2a3a7"
    },
    "fansi": {
      "Package": "fansi",
      "Version": "1.0.2",
      "Source": "Repository",
      "Repository": "RSPM",
      "Hash": "f28149c2d7a1342a834b314e95e67260"
    },
    "farver": {
      "Package": "farver",
      "Version": "2.1.0",
      "Source": "Repository",
      "Repository": "RSPM",
      "Hash": "c98eb5133d9cb9e1622b8691487f11bb"
    },
    "fastmap": {
      "Package": "fastmap",
      "Version": "1.1.0",
      "Source": "Repository",
      "Repository": "RSPM",
      "Hash": "77bd60a6157420d4ffa93b27cf6a58b8"
    },
    "forcats": {
      "Package": "forcats",
      "Version": "0.5.1",
      "Source": "Repository",
      "Repository": "RSPM",
      "Hash": "81c3244cab67468aac4c60550832655d"
    },
    "forecast": {
      "Package": "forecast",
      "Version": "8.16",
      "Source": "Repository",
      "Repository": "RSPM",
      "Hash": "5d2502b83f310c485c5ba62b6b0bbfb9"
    },
    "fracdiff": {
      "Package": "fracdiff",
      "Version": "1.5-1",
      "Source": "Repository",
      "Repository": "RSPM",
      "Hash": "90dcf1296b82b2f79d9c5aa081081e43"
    },
    "fs": {
      "Package": "fs",
      "Version": "1.5.0",
      "Source": "Repository",
      "Repository": "RSPM",
      "Hash": "44594a07a42e5f91fac9f93fda6d0109"
    },
    "furrr": {
      "Package": "furrr",
      "Version": "0.2.3",
      "Source": "Repository",
      "Repository": "RSPM",
      "Hash": "2aba4ab06e8707ac054c6683cb6fed56"
    },
    "future": {
      "Package": "future",
      "Version": "1.22.1",
      "Source": "Repository",
      "Repository": "RSPM",
      "Hash": "9c56382c3e53f0b4fc0fc16d88fc3974"
    },
    "gargle": {
      "Package": "gargle",
      "Version": "1.2.0",
      "Source": "Repository",
      "Repository": "RSPM",
      "Hash": "9d234e6a87a6f8181792de6dc4a00e39"
    },
    "generics": {
      "Package": "generics",
      "Version": "0.1.1",
      "Source": "Repository",
      "Repository": "RSPM",
      "Hash": "3f6bcfb0ee5d671d9fd1893d2faa79cb"
    },
    "gert": {
      "Package": "gert",
      "Version": "1.4.1",
      "Source": "Repository",
      "Repository": "RSPM",
      "Hash": "8e54ffecc152da9e1e366ff1a4012bb1"
    },
    "ggplot2": {
      "Package": "ggplot2",
      "Version": "3.3.5",
      "Source": "Repository",
      "Repository": "RSPM",
      "Hash": "d7566c471c7b17e095dd023b9ef155ad"
    },
    "ggtext": {
      "Package": "ggtext",
      "Version": "0.1.1",
      "Source": "Repository",
      "Repository": "RSPM",
      "Hash": "03d8caec959ac70e2d13bad1ac40667c"
    },
    "gh": {
      "Package": "gh",
      "Version": "1.3.0",
      "Source": "Repository",
      "Repository": "RSPM",
      "Hash": "38c2580abbda249bd6afeec00d14f531"
    },
    "gitcreds": {
      "Package": "gitcreds",
      "Version": "0.1.1",
      "Source": "Repository",
      "Repository": "RSPM",
      "Hash": "f3aefccc1cc50de6338146b62f115de8"
    },
    "globals": {
      "Package": "globals",
      "Version": "0.14.0",
      "Source": "Repository",
      "Repository": "RSPM",
      "Hash": "eca8023ed5ca6372479ebb9b3207f5ae"
    },
    "glue": {
      "Package": "glue",
      "Version": "1.6.1",
      "Source": "Repository",
      "Repository": "RSPM",
      "Hash": "de07842fc27ebf60e1102091c0c85e47"
    },
    "googledrive": {
      "Package": "googledrive",
      "Version": "2.0.0",
      "Source": "Repository",
      "Repository": "RSPM",
      "Hash": "c3a25adbbfbb03f12e6f88c5fb1f3024"
    },
    "googlesheets4": {
      "Package": "googlesheets4",
      "Version": "1.0.0",
      "Source": "Repository",
      "Repository": "RSPM",
      "Hash": "9a6564184dc4a81daea4f1d7ce357c6a"
    },
    "gridExtra": {
      "Package": "gridExtra",
      "Version": "2.3",
      "Source": "Repository",
      "Repository": "RSPM",
      "Hash": "7d7f283939f563670a697165b2cf5560"
    },
    "gridtext": {
      "Package": "gridtext",
      "Version": "0.1.4",
      "Source": "Repository",
      "Repository": "RSPM",
      "Hash": "5ae1f617531ca2ae244647d9b21b5e74"
    },
    "gtable": {
      "Package": "gtable",
      "Version": "0.3.0",
      "Source": "Repository",
      "Repository": "RSPM",
      "Hash": "ac5c6baf7822ce8732b343f14c072c4d"
    },
    "haven": {
      "Package": "haven",
      "Version": "2.4.3",
      "Source": "Repository",
      "Repository": "RSPM",
      "Hash": "10bec8a8264f3eb59531e8c4c0303f96"
    },
    "here": {
      "Package": "here",
      "Version": "1.0.1",
      "Source": "Repository",
      "Repository": "RSPM",
      "Hash": "24b224366f9c2e7534d2344d10d59211"
    },
    "highr": {
      "Package": "highr",
      "Version": "0.9",
      "Source": "Repository",
      "Repository": "RSPM",
      "Hash": "8eb36c8125038e648e5d111c0d7b2ed4"
    },
    "hms": {
      "Package": "hms",
      "Version": "1.1.1",
      "Source": "Repository",
      "Repository": "RSPM",
      "Hash": "5b8a2dd0fdbe2ab4f6081e6c7be6dfca"
    },
    "htmltools": {
      "Package": "htmltools",
      "Version": "0.5.2",
      "Source": "Repository",
      "Repository": "RSPM",
      "Hash": "526c484233f42522278ab06fb185cb26"
    },
    "httr": {
      "Package": "httr",
      "Version": "1.4.2",
      "Source": "Repository",
      "Repository": "RSPM",
      "Hash": "a525aba14184fec243f9eaec62fbed43"
    },
    "ids": {
      "Package": "ids",
      "Version": "1.0.1",
      "Source": "Repository",
      "Repository": "RSPM",
      "Hash": "99df65cfef20e525ed38c3d2577f7190"
    },
    "imputeTS": {
      "Package": "imputeTS",
      "Version": "3.2",
      "Source": "Repository",
      "Repository": "RSPM",
      "Hash": "61b2ca04e5d40ccbdaf8f90af44da378"
    },
    "ini": {
      "Package": "ini",
      "Version": "0.3.1",
      "Source": "Repository",
      "Repository": "RSPM",
      "Hash": "6154ec2223172bce8162d4153cda21f7"
    },
    "isoband": {
      "Package": "isoband",
      "Version": "0.2.5",
      "Source": "Repository",
      "Repository": "RSPM",
      "Hash": "7ab57a6de7f48a8dc84910d1eca42883"
    },
    "jpeg": {
      "Package": "jpeg",
      "Version": "0.1-9",
      "Source": "Repository",
      "Repository": "RSPM",
      "Hash": "441ee36360a57b363f4fa3df0c364630"
    },
    "jqr": {
      "Package": "jqr",
      "Version": "1.2.2",
      "Source": "Repository",
      "Repository": "RSPM",
      "Hash": "6c7d4d7b1499b55a7bef9e0c995cec56"
    },
    "jquerylib": {
      "Package": "jquerylib",
      "Version": "0.1.4",
      "Source": "Repository",
      "Repository": "RSPM",
      "Hash": "5aab57a3bd297eee1c1d862735972182"
    },
    "jsonld": {
      "Package": "jsonld",
      "Version": "2.2",
      "Source": "Repository",
      "Repository": "RSPM",
      "Hash": "173b7fe6d4c05b04aef7d350bc72ffeb"
    },
    "jsonlite": {
      "Package": "jsonlite",
      "Version": "1.7.3",
      "Source": "Repository",
      "Repository": "RSPM",
      "Hash": "68c37fd8f863c6273dcd24928c17d6e1"
    },
    "knitr": {
      "Package": "knitr",
      "Version": "1.37",
      "Source": "Repository",
      "Repository": "RSPM",
      "Hash": "a4ec675eb332a33fe7b7fe26f70e1f98"
    },
    "labeling": {
      "Package": "labeling",
      "Version": "0.4.2",
      "Source": "Repository",
      "Repository": "RSPM",
      "Hash": "3d5108641f47470611a32d0bdf357a72"
    },
    "lattice": {
      "Package": "lattice",
      "Version": "0.20-45",
      "Source": "Repository",
      "Repository": "RSPM",
      "Hash": "b64cdbb2b340437c4ee047a1f4c4377b"
    },
    "lazyeval": {
      "Package": "lazyeval",
      "Version": "0.2.2",
      "Source": "Repository",
      "Repository": "RSPM",
      "Hash": "d908914ae53b04d4c0c0fd72ecc35370"
    },
    "lifecycle": {
      "Package": "lifecycle",
      "Version": "1.0.1",
      "Source": "Repository",
      "Repository": "RSPM",
      "Hash": "a6b6d352e3ed897373ab19d8395c98d0"
    },
    "listenv": {
      "Package": "listenv",
      "Version": "0.8.0",
      "Source": "Repository",
      "Repository": "RSPM",
      "Hash": "0bde42ee282efb18c7c4e63822f5b4f7"
    },
    "lmtest": {
      "Package": "lmtest",
      "Version": "0.9-39",
      "Source": "Repository",
      "Repository": "RSPM",
      "Hash": "d27e947989c8defe2febcd74d40ab71b"
    },
    "lubridate": {
      "Package": "lubridate",
      "Version": "1.8.0",
      "Source": "Repository",
      "Repository": "RSPM",
      "Hash": "2ff5eedb6ee38fb1b81205c73be1be5a"
    },
    "magrittr": {
      "Package": "magrittr",
      "Version": "2.0.2",
      "Source": "Repository",
      "Repository": "RSPM",
      "Hash": "cdc87ecd81934679d1557633d8e1fe51"
    },
    "markdown": {
      "Package": "markdown",
      "Version": "1.1",
      "Source": "Repository",
      "Repository": "RSPM",
      "Hash": "61e4a10781dd00d7d81dd06ca9b94e95"
    },
    "memoise": {
      "Package": "memoise",
      "Version": "2.0.0",
      "Source": "Repository",
      "Repository": "RSPM",
      "Hash": "a0bc51650201a56d00a4798523cc91b3"
    },
    "mgcv": {
      "Package": "mgcv",
      "Version": "1.8-38",
      "Source": "Repository",
      "Repository": "RSPM",
      "Hash": "be3c61ffbb1e3d3b3df214d192ac5444"
    },
    "mime": {
      "Package": "mime",
      "Version": "0.12",
      "Source": "Repository",
      "Repository": "RSPM",
      "Hash": "18e9c28c1d3ca1560ce30658b22ce104"
    },
    "modelr": {
      "Package": "modelr",
      "Version": "0.1.8",
      "Source": "Repository",
      "Repository": "RSPM",
      "Hash": "9fd59716311ee82cba83dc2826fc5577"
    },
    "munsell": {
      "Package": "munsell",
      "Version": "0.5.0",
      "Source": "Repository",
      "Repository": "RSPM",
      "Hash": "6dfe8bf774944bd5595785e3229d8771"
    },
    "mvtnorm": {
      "Package": "mvtnorm",
      "Version": "1.1-3",
      "Source": "Repository",
      "Repository": "RSPM",
      "Hash": "7a7541cc284cb2ba3ba7eae645892af5"
    },
    "ncdf4": {
      "Package": "ncdf4",
      "Version": "1.19",
      "Source": "Repository",
      "Repository": "RSPM",
      "Hash": "7c902f18c0be04c8767b94019ffe8063"
    },
    "neonstore": {
      "Package": "neonstore",
      "Version": "0.4.4",
      "Source": "Repository",
      "Repository": "RSPM",
      "Hash": "4c1fa57ba6e32dd283d1cc44510e7bdb"
    },
    "nlme": {
      "Package": "nlme",
      "Version": "3.1-155",
      "Source": "Repository",
      "Repository": "RSPM",
      "Hash": "74ad940dccc9e977189a5afe5fcdb7ba"
    },
    "nnet": {
      "Package": "nnet",
      "Version": "7.3-17",
      "Source": "Repository",
      "Repository": "RSPM",
      "Hash": "cb1d8d9f300a7e536b89c8a88c53f610"
    },
    "openssl": {
      "Package": "openssl",
      "Version": "1.4.5",
      "Source": "Repository",
      "Repository": "RSPM",
      "Hash": "5406fd37ef0bf9b88c8a4f264d6ec220"
    },
    "parallelly": {
      "Package": "parallelly",
      "Version": "1.28.1",
      "Source": "Repository",
      "Repository": "RSPM",
      "Hash": "5300c9fc71841550bdca64d39e82af0e"
    },
    "patchwork": {
      "Package": "patchwork",
      "Version": "1.1.1",
      "Source": "Repository",
      "Repository": "RSPM",
      "Hash": "c446b30cb33ec125ff02588b60660ccb"
    },
    "pillar": {
      "Package": "pillar",
      "Version": "1.6.5",
      "Source": "Repository",
      "Repository": "RSPM",
      "Hash": "464a3e015331eeb8efd1d239cad5128d"
    },
    "pkgbuild": {
      "Package": "pkgbuild",
      "Version": "1.2.0",
      "Source": "Repository",
      "Repository": "RSPM",
      "Hash": "725fcc30222d4d11ec68efb8ff11a9af"
    },
    "pkgconfig": {
      "Package": "pkgconfig",
      "Version": "2.0.3",
      "Source": "Repository",
      "Repository": "RSPM",
      "Hash": "01f28d4278f15c76cddbea05899c5d6f"
    },
    "pkgload": {
      "Package": "pkgload",
      "Version": "1.2.3",
      "Source": "Repository",
      "Repository": "RSPM",
      "Hash": "302276471121c41f47380243b82d5882"
    },
    "plyr": {
      "Package": "plyr",
      "Version": "1.8.6",
      "Source": "Repository",
      "Repository": "RSPM",
      "Hash": "ec0e5ab4e5f851f6ef32cd1d1984957f"
    },
    "png": {
      "Package": "png",
      "Version": "0.1-7",
      "Source": "Repository",
      "Repository": "RSPM",
      "Hash": "03b7076c234cb3331288919983326c55"
    },
    "praise": {
      "Package": "praise",
      "Version": "1.0.0",
      "Source": "Repository",
      "Repository": "RSPM",
      "Hash": "a555924add98c99d2f411e37e7d25e9f"
    },
    "prettyunits": {
      "Package": "prettyunits",
      "Version": "1.1.1",
      "Source": "Repository",
      "Repository": "RSPM",
      "Hash": "95ef9167b75dde9d2ccc3c7528393e7e"
    },
    "processx": {
      "Package": "processx",
      "Version": "3.5.2",
      "Source": "Repository",
      "Repository": "RSPM",
      "Hash": "0cbca2bc4d16525d009c4dbba156b37c"
    },
    "progress": {
      "Package": "progress",
      "Version": "1.2.2",
      "Source": "Repository",
      "Repository": "RSPM",
      "Hash": "14dc9f7a3c91ebb14ec5bb9208a07061"
    },
    "ps": {
      "Package": "ps",
      "Version": "1.6.0",
      "Source": "Repository",
      "Repository": "RSPM",
      "Hash": "32620e2001c1dce1af49c49dccbb9420"
    },
    "purrr": {
      "Package": "purrr",
      "Version": "0.3.4",
      "Source": "Repository",
      "Repository": "RSPM",
      "Hash": "97def703420c8ab10d8f0e6c72101e02"
    },
    "quadprog": {
      "Package": "quadprog",
      "Version": "1.5-8",
      "Source": "Repository",
      "Repository": "RSPM",
      "Hash": "5f919ae5e7f83a6f91dcf2288943370d"
    },
    "quantmod": {
      "Package": "quantmod",
      "Version": "0.4.18",
      "Source": "Repository",
      "Repository": "RSPM",
      "Hash": "d9dd45d86b5a23984ed50d5c35724702"
    },
    "rMR": {
      "Package": "rMR",
      "Version": "1.1.0",
      "Source": "Repository",
      "Repository": "RSPM",
      "Hash": "8c152566339fd5035115d8a41792bffb"
    },
    "rappdirs": {
      "Package": "rappdirs",
      "Version": "0.3.3",
      "Source": "Repository",
      "Repository": "RSPM",
      "Hash": "5e3c5dc0b071b21fa128676560dbe94d"
    },
    "rcmdcheck": {
      "Package": "rcmdcheck",
      "Version": "1.4.0",
      "Source": "Repository",
      "Repository": "RSPM",
      "Hash": "8f25ebe2ec38b1f2aef3b0d2ef76f6c4"
    },
    "readr": {
      "Package": "readr",
      "Version": "2.1.1",
      "Source": "Repository",
      "Repository": "RSPM",
      "Hash": "e9df4b445fca203653f04ece2f97d51e"
    },
    "readxl": {
      "Package": "readxl",
      "Version": "1.3.1",
      "Source": "Repository",
      "Repository": "RSPM",
      "Hash": "63537c483c2dbec8d9e3183b3735254a"
    },
    "rematch": {
      "Package": "rematch",
      "Version": "1.0.1",
      "Source": "Repository",
      "Repository": "RSPM",
      "Hash": "c66b930d20bb6d858cd18e1cebcfae5c"
    },
    "rematch2": {
      "Package": "rematch2",
      "Version": "2.1.2",
      "Source": "Repository",
      "Repository": "RSPM",
      "Hash": "76c9e04c712a05848ae7a23d2f170a40"
    },
    "remotes": {
      "Package": "remotes",
      "Version": "2.4.1",
      "Source": "Repository",
      "Repository": "RSPM",
      "Hash": "feaca31e417db79fd1832e25b51a7717"
    },
    "renv": {
      "Package": "renv",
      "Version": "0.15.2",
      "Source": "Repository",
      "Repository": "RSPM",
      "Hash": "206c4ef8b7ad6fb1060d69aa7b9dfe69"
    },
    "reprex": {
      "Package": "reprex",
      "Version": "2.0.1",
      "Source": "Repository",
      "Repository": "RSPM",
      "Hash": "911d101becedc0fde495bd910984bdc8"
    },
    "rlang": {
      "Package": "rlang",
      "Version": "1.0.0",
      "Source": "Repository",
      "Repository": "RSPM",
      "Hash": "ec923a35ba44bc86fbf95dacaccf65da"
    },
    "rmarkdown": {
      "Package": "rmarkdown",
      "Version": "2.11",
      "Source": "Repository",
      "Repository": "RSPM",
      "Hash": "320017b52d05a943981272b295750388"
    },
    "roxygen2": {
      "Package": "roxygen2",
      "Version": "7.1.2",
      "Source": "Repository",
      "Repository": "RSPM",
      "Hash": "eb9849556c4250305106e82edae35b72"
    },
    "rprojroot": {
      "Package": "rprojroot",
      "Version": "2.0.2",
      "Source": "Repository",
      "Repository": "RSPM",
      "Hash": "249d8cd1e74a8f6a26194a91b47f21d1"
    },
    "rstudioapi": {
      "Package": "rstudioapi",
      "Version": "0.13",
      "Source": "Repository",
      "Repository": "RSPM",
      "Hash": "06c85365a03fdaf699966cc1d3cf53ea"
    },
    "rversions": {
      "Package": "rversions",
      "Version": "2.1.1",
      "Source": "Repository",
      "Repository": "RSPM",
      "Hash": "f88fab00907b312f8b23ec13e2d437cb"
    },
    "rvest": {
      "Package": "rvest",
      "Version": "1.0.2",
      "Source": "Repository",
      "Repository": "RSPM",
      "Hash": "bb099886deffecd6f9b298b7d4492943"
    },
    "scales": {
      "Package": "scales",
      "Version": "1.1.1",
      "Source": "Repository",
      "Repository": "RSPM",
      "Hash": "6f76f71042411426ec8df6c54f34e6dd"
    },
    "scoringRules": {
      "Package": "scoringRules",
      "Version": "1.0.1",
      "Source": "Repository",
      "Repository": "RSPM",
      "Hash": "443fb7653ed5fbcf766e934850490696"
    },
    "selectr": {
      "Package": "selectr",
      "Version": "0.4-2",
      "Source": "Repository",
      "Repository": "RSPM",
      "Hash": "3838071b66e0c566d55cc26bd6e27bf4"
    },
    "sessioninfo": {
      "Package": "sessioninfo",
      "Version": "1.1.1",
      "Source": "Repository",
      "Repository": "RSPM",
      "Hash": "308013098befe37484df72c39cf90d6e"
    },
    "stinepack": {
      "Package": "stinepack",
      "Version": "1.4",
      "Source": "Repository",
      "Repository": "RSPM",
      "Hash": "68f8f672193226b9e003da1338de551b"
    },
    "storr": {
      "Package": "storr",
      "Version": "1.2.5",
      "Source": "Repository",
      "Repository": "RSPM",
      "Hash": "96034207276a46a44dc81b8d43397602"
    },
    "stringi": {
      "Package": "stringi",
      "Version": "1.7.6",
      "Source": "Repository",
      "Repository": "RSPM",
      "Hash": "bba431031d30789535745a9627ac9271"
    },
    "stringr": {
      "Package": "stringr",
      "Version": "1.4.0",
      "Source": "Repository",
      "Repository": "RSPM",
      "Hash": "0759e6b6c0957edb1311028a49a35e76"
    },
    "sys": {
      "Package": "sys",
      "Version": "3.4",
      "Source": "Repository",
      "Repository": "RSPM",
      "Hash": "b227d13e29222b4574486cfcbde077fa"
    },
    "testthat": {
      "Package": "testthat",
      "Version": "3.1.0",
      "Source": "Repository",
      "Repository": "RSPM",
      "Hash": "89e55ebe4f5ddd7f43f0f2bc6d96c950"
    },
    "thor": {
      "Package": "thor",
      "Version": "1.1.2",
      "Source": "Repository",
      "Repository": "RSPM",
      "Hash": "6126713348bc600f966952913c483ddb"
    },
    "tibble": {
      "Package": "tibble",
      "Version": "3.1.6",
      "Source": "Repository",
      "Repository": "RSPM",
      "Hash": "8a8f02d1934dfd6431c671361510dd0b"
    },
    "tidyr": {
      "Package": "tidyr",
      "Version": "1.1.4",
      "Source": "Repository",
      "Repository": "RSPM",
      "Hash": "c8fbdbd9fcac223d6c6fe8e406f368e1"
    },
    "tidyselect": {
      "Package": "tidyselect",
      "Version": "1.1.1",
      "Source": "Repository",
      "Repository": "RSPM",
      "Hash": "7243004a708d06d4716717fa1ff5b2fe"
    },
    "tidyverse": {
      "Package": "tidyverse",
      "Version": "1.3.1",
      "Source": "Repository",
      "Repository": "RSPM",
      "Hash": "fc4c72b6ae9bb283416bd59a3303bbab"
    },
    "timeDate": {
      "Package": "timeDate",
      "Version": "3043.102",
      "Source": "Repository",
      "Repository": "RSPM",
      "Hash": "fde4fc571f5f61978652c229d4713845"
    },
    "tinytex": {
      "Package": "tinytex",
      "Version": "0.36",
      "Source": "Repository",
      "Repository": "RSPM",
      "Hash": "130fe4c61e55b271a2655b3a284a205f"
    },
    "tseries": {
      "Package": "tseries",
      "Version": "0.10-49",
      "Source": "Repository",
      "Repository": "RSPM",
      "Hash": "fe0e862f97bb0ad799c0186d87c86182"
    },
    "tzdb": {
      "Package": "tzdb",
      "Version": "0.2.0",
      "Source": "Repository",
      "Repository": "RSPM",
      "Hash": "5e069fb033daf2317bd628d3100b75c5"
    },
    "urca": {
      "Package": "urca",
      "Version": "1.3-0",
      "Source": "Repository",
      "Repository": "RSPM",
      "Hash": "7e54e92d0362b977e26dd5a5a3a263a1"
    },
    "usethis": {
      "Package": "usethis",
      "Version": "2.1.0",
      "Source": "Repository",
      "Repository": "RSPM",
      "Hash": "90e84e0a3cd3851442c9af04a74c2d5a"
    },
    "utf8": {
      "Package": "utf8",
      "Version": "1.2.2",
      "Source": "Repository",
      "Repository": "RSPM",
      "Hash": "c9c462b759a5cc844ae25b5942654d13"
    },
    "uuid": {
      "Package": "uuid",
      "Version": "1.0-3",
      "Source": "Repository",
      "Repository": "RSPM",
      "Hash": "2097822ba5e4440b81a0c7525d0315ce"
    },
    "vctrs": {
      "Package": "vctrs",
      "Version": "0.3.8",
      "Source": "Repository",
      "Repository": "RSPM",
      "Hash": "ecf749a1b39ea72bd9b51b76292261f1"
    },
    "viridisLite": {
      "Package": "viridisLite",
      "Version": "0.4.0",
      "Source": "Repository",
      "Repository": "RSPM",
      "Hash": "55e157e2aa88161bdb0754218470d204"
    },
    "vroom": {
      "Package": "vroom",
      "Version": "1.5.7",
      "Source": "Repository",
      "Repository": "RSPM",
      "Hash": "976507b5a105bc3bdf6a5a5f29e0684f"
    },
    "waldo": {
      "Package": "waldo",
      "Version": "0.3.1",
      "Source": "Repository",
      "Repository": "RSPM",
      "Hash": "ad8cfff5694ac5b3c354f8f2044bd976"
    },
    "whisker": {
      "Package": "whisker",
      "Version": "0.4",
      "Source": "Repository",
      "Repository": "RSPM",
      "Hash": "ca970b96d894e90397ed20637a0c1bbe"
    },
    "withr": {
      "Package": "withr",
      "Version": "2.4.3",
      "Source": "Repository",
      "Repository": "RSPM",
      "Hash": "a376b424c4817cda4920bbbeb3364e85"
    },
    "xfun": {
      "Package": "xfun",
      "Version": "0.29",
      "Source": "Repository",
      "Repository": "RSPM",
      "Hash": "e2e5fb1a74fbb68b27d6efc5372635dc"
    },
    "xml2": {
      "Package": "xml2",
      "Version": "1.3.3",
      "Source": "Repository",
      "Repository": "RSPM",
      "Hash": "40682ed6a969ea5abfd351eb67833adc"
    },
    "xopen": {
      "Package": "xopen",
      "Version": "1.0.0",
      "Source": "Repository",
      "Repository": "RSPM",
      "Hash": "6c85f015dee9cc7710ddd20f86881f58"
    },
    "xts": {
      "Package": "xts",
      "Version": "0.12.1",
      "Source": "Repository",
      "Repository": "RSPM",
      "Hash": "ca2fd4ad8ef78cca3aa2b30f992798a8"
    },
    "yaml": {
      "Package": "yaml",
      "Version": "2.2.2",
      "Source": "Repository",
      "Repository": "RSPM",
      "Hash": "4597f73aad7d32c2913ec33a345f900b"
    },
    "zip": {
      "Package": "zip",
      "Version": "2.2.0",
      "Source": "Repository",
      "Repository": "RSPM",
      "Hash": "c7eef2996ac270a18c2715c997a727c5"
    },
    "zoo": {
      "Package": "zoo",
      "Version": "1.8-9",
      "Source": "Repository",
      "Repository": "RSPM",
      "Hash": "035d1c7c12593038c26fb1c2fd40c4d2"
    }
  }
}
